
Microsoft Visual Studio Solution File, Format Version 12.00
# Visual Studio 14
VisualStudioVersion = 14.0.22310.1
MinimumVisualStudioVersion = 10.0.40219.1
Project("{FAE04EC0-301F-11D3-BF4B-00C04F79EFBC}") = "OnigRegex", "OnigRegex.csproj", "{D4E020B4-1A5A-4CC3-912C-96FF5D37F4C8}"
EndProject
Project("{FAE04EC0-301F-11D3-BF4B-00C04F79EFBC}") = "OnigRegexTests", "..\OnigRegexTests\OnigRegexTests.csproj", "{5D5EF2C9-72D9-43A3-9F5F-F83779B4E2D5}"
EndProject
Global
	GlobalSection(SolutionConfigurationPlatforms) = preSolution
		Debug|Any CPU = Debug|Any CPU
		Release|Any CPU = Release|Any CPU
	EndGlobalSection
	GlobalSection(ProjectConfigurationPlatforms) = postSolution
		{D4E020B4-1A5A-4CC3-912C-96FF5D37F4C8}.Debug|Any CPU.ActiveCfg = Debug|Any CPU
		{D4E020B4-1A5A-4CC3-912C-96FF5D37F4C8}.Debug|Any CPU.Build.0 = Debug|Any CPU
		{D4E020B4-1A5A-4CC3-912C-96FF5D37F4C8}.Release|Any CPU.ActiveCfg = Release|Any CPU
		{D4E020B4-1A5A-4CC3-912C-96FF5D37F4C8}.Release|Any CPU.Build.0 = Release|Any CPU
		{5D5EF2C9-72D9-43A3-9F5F-F83779B4E2D5}.Debug|Any CPU.ActiveCfg = Debug|Any CPU
		{5D5EF2C9-72D9-43A3-9F5F-F83779B4E2D5}.Debug|Any CPU.Build.0 = Debug|Any CPU
		{5D5EF2C9-72D9-43A3-9F5F-F83779B4E2D5}.Release|Any CPU.ActiveCfg = Release|Any CPU
		{5D5EF2C9-72D9-43A3-9F5F-F83779B4E2D5}.Release|Any CPU.Build.0 = Release|Any CPU
	EndGlobalSection
	GlobalSection(SolutionProperties) = preSolution
		HideSolutionNode = FALSE
	EndGlobalSection
	GlobalSection(MonoDevelopProperties) = preSolution
		StartupItem = OnigRegex.csproj
	EndGlobalSection
EndGlobal
